
Microsoft Visual Studio Solution File, Format Version 12.00
# Visual Studio Version 17
VisualStudioVersion = 17.12.35707.178 d17.12
MinimumVisualStudioVersion = 10.0.40219.1
Project("{FAE04EC0-301F-11D3-BF4B-00C04F79EFBC}") = "SimpleBlogApplication", "SimpleBlogApplication\SimpleBlogApplication.csproj", "{64F24E2F-FE26-4150-8DF4-F319768A61E8}"
EndProject
Project("{FAE04EC0-301F-11D3-BF4B-00C04F79EFBC}") = "SimpleBlogApplication.DAL", "SimpleBlogApplication.DAL\SimpleBlogApplication.DAL.csproj", "{6C822BA4-9043-42F3-B2E8-D33299DDF0B6}"
EndProject
Project("{FAE04EC0-301F-11D3-BF4B-00C04F79EFBC}") = "SimpleBlogApplication.BLL", "SimpleBlogApplication.BLL\SimpleBlogApplication.BLL.csproj", "{EF9991DE-4D64-4884-9BBA-0D81390A7D92}"
EndProject
Global
	GlobalSection(SolutionConfigurationPlatforms) = preSolution
		Debug|Any CPU = Debug|Any CPU
		Release|Any CPU = Release|Any CPU
	EndGlobalSection
	GlobalSection(ProjectConfigurationPlatforms) = postSolution
		{64F24E2F-FE26-4150-8DF4-F319768A61E8}.Debug|Any CPU.ActiveCfg = Debug|Any CPU
		{64F24E2F-FE26-4150-8DF4-F319768A61E8}.Debug|Any CPU.Build.0 = Debug|Any CPU
		{64F24E2F-FE26-4150-8DF4-F319768A61E8}.Release|Any CPU.ActiveCfg = Release|Any CPU
		{64F24E2F-FE26-4150-8DF4-F319768A61E8}.Release|Any CPU.Build.0 = Release|Any CPU
		{6C822BA4-9043-42F3-B2E8-D33299DDF0B6}.Debug|Any CPU.ActiveCfg = Debug|Any CPU
		{6C822BA4-9043-42F3-B2E8-D33299DDF0B6}.Debug|Any CPU.Build.0 = Debug|Any CPU
		{6C822BA4-9043-42F3-B2E8-D33299DDF0B6}.Release|Any CPU.ActiveCfg = Release|Any CPU
		{6C822BA4-9043-42F3-B2E8-D33299DDF0B6}.Release|Any CPU.Build.0 = Release|Any CPU
		{EF9991DE-4D64-4884-9BBA-0D81390A7D92}.Debug|Any CPU.ActiveCfg = Debug|Any CPU
		{EF9991DE-4D64-4884-9BBA-0D81390A7D92}.Debug|Any CPU.Build.0 = Debug|Any CPU
		{EF9991DE-4D64-4884-9BBA-0D81390A7D92}.Release|Any CPU.ActiveCfg = Release|Any CPU
		{EF9991DE-4D64-4884-9BBA-0D81390A7D92}.Release|Any CPU.Build.0 = Release|Any CPU
	EndGlobalSection
	GlobalSection(SolutionProperties) = preSolution
		HideSolutionNode = FALSE
	EndGlobalSection
EndGlobal
